
Microsoft Visual Studio Solution File, Format Version 12.00
Project("{FAE04EC0-301F-11D3-BF4B-00C04F79EFBC}") = "LibraryTests", "LibraryTests\LibraryTests.csproj", "{3DF4DAA0-A891-4E37-ABB5-8D6BA65F06E7}"
EndProject
Global
	GlobalSection(SolutionConfigurationPlatforms) = preSolution
		Debug|Any CPU = Debug|Any CPU
		Release|Any CPU = Release|Any CPU
	EndGlobalSection
	GlobalSection(ProjectConfigurationPlatforms) = postSolution
		{3DF4DAA0-A891-4E37-ABB5-8D6BA65F06E7}.Debug|Any CPU.ActiveCfg = Debug|Any CPU
		{3DF4DAA0-A891-4E37-ABB5-8D6BA65F06E7}.Debug|Any CPU.Build.0 = Debug|Any CPU
		{3DF4DAA0-A891-4E37-ABB5-8D6BA65F06E7}.Release|Any CPU.ActiveCfg = Release|Any CPU
		{3DF4DAA0-A891-4E37-ABB5-8D6BA65F06E7}.Release|Any CPU.Build.0 = Release|Any CPU
	EndGlobalSection
EndGlobal
